// !$*UTF8*$!
{
	archiveVersion = 1;
	classes = {
	};
	objectVersion = 46;
	objects = {

/* Begin PBXBuildFile section */
		613BEDDC182D31020097F0F7 /* QuartzCore.framework in Frameworks */ = {isa = PBXBuildFile; fileRef = 613BEDDB182D31020097F0F7 /* QuartzCore.framework */; };
		613BEDE3182D44F20097F0F7 /* CoreData.framework in Frameworks */ = {isa = PBXBuildFile; fileRef = 613BEDE2182D44F20097F0F7 /* CoreData.framework */; };
		6172E233182E31A40042BE78 /* AppDelegate.m in Sources */ = {isa = PBXBuildFile; fileRef = 6172E21A182E31A40042BE78 /* AppDelegate.m */; };
		6172E234182E31A40042BE78 /* CalendariOS7-Info.plist in Resources */ = {isa = PBXBuildFile; fileRef = 6172E21B182E31A40042BE78 /* CalendariOS7-Info.plist */; };
		6172E235182E31A40042BE78 /* CKCalendarView.m in Sources */ = {isa = PBXBuildFile; fileRef = 6172E21E182E31A40042BE78 /* CKCalendarView.m */; };
		6172E236182E31A40042BE78 /* CustomIOS7AlertView.m in Sources */ = {isa = PBXBuildFile; fileRef = 6172E220182E31A40042BE78 /* CustomIOS7AlertView.m */; };
		6172E237182E31A40042BE78 /* en.lproj in Resources */ = {isa = PBXBuildFile; fileRef = 6172E221182E31A40042BE78 /* en.lproj */; };
		6172E238182E31A40042BE78 /* es.lproj in Resources */ = {isa = PBXBuildFile; fileRef = 6172E222182E31A40042BE78 /* es.lproj */; };
		6172E239182E31A40042BE78 /* FilterViewController.m in Sources */ = {isa = PBXBuildFile; fileRef = 6172E224182E31A40042BE78 /* FilterViewController.m */; };
		6172E23A182E31A40042BE78 /* FilterViewController.xib in Resources */ = {isa = PBXBuildFile; fileRef = 6172E225182E31A40042BE78 /* FilterViewController.xib */; };
		6172E23B182E31A40042BE78 /* left_arrow.png in Resources */ = {isa = PBXBuildFile; fileRef = 6172E226182E31A40042BE78 /* left_arrow.png */; };
		6172E23C182E31A40042BE78 /* left_arrow@2x.png in Resources */ = {isa = PBXBuildFile; fileRef = 6172E227182E31A40042BE78 /* left_arrow@2x.png */; };
		6172E23D182E31A40042BE78 /* main.m in Sources */ = {isa = PBXBuildFile; fileRef = 6172E228182E31A40042BE78 /* main.m */; };
		6172E23E182E31A40042BE78 /* RenewViewController.m in Sources */ = {isa = PBXBuildFile; fileRef = 6172E22A182E31A40042BE78 /* RenewViewController.m */; };
		6172E23F182E31A40042BE78 /* RenewViewController.xib in Resources */ = {isa = PBXBuildFile; fileRef = 6172E22B182E31A40042BE78 /* RenewViewController.xib */; };
		6172E240182E31A40042BE78 /* right_arrow.png in Resources */ = {isa = PBXBuildFile; fileRef = 6172E22C182E31A40042BE78 /* right_arrow.png */; };
		6172E241182E31A40042BE78 /* right_arrow@2x.png in Resources */ = {isa = PBXBuildFile; fileRef = 6172E22D182E31A40042BE78 /* right_arrow@2x.png */; };
		6172E242182E31A40042BE78 /* TransferViewController.m in Sources */ = {isa = PBXBuildFile; fileRef = 6172E22F182E31A40042BE78 /* TransferViewController.m */; };
		6172E243182E31A40042BE78 /* TransferViewController.xib in Resources */ = {isa = PBXBuildFile; fileRef = 6172E230182E31A40042BE78 /* TransferViewController.xib */; };
		6172E244182E31A40042BE78 /* ViewController.m in Sources */ = {isa = PBXBuildFile; fileRef = 6172E232182E31A40042BE78 /* ViewController.m */; };
		61B095DE182EA8170062228B /* CustomAlert.m in Sources */ = {isa = PBXBuildFile; fileRef = 61B095DD182EA8170062228B /* CustomAlert.m */; };
		61B095E1182EA97C0062228B /* customoverlay.m in Sources */ = {isa = PBXBuildFile; fileRef = 61B095E0182EA97C0062228B /* customoverlay.m */; };
		61B095E3182EAD620062228B /* overlay_bg.png in Resources */ = {isa = PBXBuildFile; fileRef = 61B095E2182EAD620062228B /* overlay_bg.png */; };
		805D87C9181FCE5F009FC68A /* UIKit.framework in Frameworks */ = {isa = PBXBuildFile; fileRef = 805D87C8181FCE5F009FC68A /* UIKit.framework */; };
		805D87CB181FCE5F009FC68A /* Foundation.framework in Frameworks */ = {isa = PBXBuildFile; fileRef = 805D87CA181FCE5F009FC68A /* Foundation.framework */; };
		805D87CD181FCE5F009FC68A /* CoreGraphics.framework in Frameworks */ = {isa = PBXBuildFile; fileRef = 805D87CC181FCE5F009FC68A /* CoreGraphics.framework */; };
/* End PBXBuildFile section */

/* Begin PBXFileReference section */
		613BEDDB182D31020097F0F7 /* QuartzCore.framework */ = {isa = PBXFileReference; lastKnownFileType = wrapper.framework; name = QuartzCore.framework; path = System/Library/Frameworks/QuartzCore.framework; sourceTree = SDKROOT; };
		613BEDE2182D44F20097F0F7 /* CoreData.framework */ = {isa = PBXFileReference; lastKnownFileType = wrapper.framework; name = CoreData.framework; path = System/Library/Frameworks/CoreData.framework; sourceTree = SDKROOT; };
		6172E219182E31A40042BE78 /* AppDelegate.h */ = {isa = PBXFileReference; fileEncoding = 4; lastKnownFileType = sourcecode.c.h; name = AppDelegate.h; path = calendar/AppDelegate.h; sourceTree = SOURCE_ROOT; };
		6172E21A182E31A40042BE78 /* AppDelegate.m */ = {isa = PBXFileReference; fileEncoding = 4; lastKnownFileType = sourcecode.c.objc; name = AppDelegate.m; path = calendar/AppDelegate.m; sourceTree = SOURCE_ROOT; };
		6172E21B182E31A40042BE78 /* CalendariOS7-Info.plist */ = {isa = PBXFileReference; fileEncoding = 4; lastKnownFileType = text.plist.xml; name = "CalendariOS7-Info.plist"; path = "calendar/CalendariOS7-Info.plist"; sourceTree = SOURCE_ROOT; };
		6172E21C182E31A40042BE78 /* CalendariOS7-Prefix.pch */ = {isa = PBXFileReference; fileEncoding = 4; lastKnownFileType = sourcecode.c.h; name = "CalendariOS7-Prefix.pch"; path = "calendar/CalendariOS7-Prefix.pch"; sourceTree = SOURCE_ROOT; };
		6172E21D182E31A40042BE78 /* CKCalendarView.h */ = {isa = PBXFileReference; fileEncoding = 4; lastKnownFileType = sourcecode.c.h; name = CKCalendarView.h; path = calendar/CKCalendarView.h; sourceTree = SOURCE_ROOT; };
		6172E21E182E31A40042BE78 /* CKCalendarView.m */ = {isa = PBXFileReference; fileEncoding = 4; lastKnownFileType = sourcecode.c.objc; name = CKCalendarView.m; path = calendar/CKCalendarView.m; sourceTree = SOURCE_ROOT; };
		6172E21F182E31A40042BE78 /* CustomIOS7AlertView.h */ = {isa = PBXFileReference; fileEncoding = 4; lastKnownFileType = sourcecode.c.h; name = CustomIOS7AlertView.h; path = calendar/CustomIOS7AlertView.h; sourceTree = SOURCE_ROOT; };
		6172E220182E31A40042BE78 /* CustomIOS7AlertView.m */ = {isa = PBXFileReference; fileEncoding = 4; lastKnownFileType = sourcecode.c.objc; name = CustomIOS7AlertView.m; path = calendar/CustomIOS7AlertView.m; sourceTree = SOURCE_ROOT; };
		6172E221182E31A40042BE78 /* en.lproj */ = {isa = PBXFileReference; lastKnownFileType = folder; name = en.lproj; path = calendar/en.lproj; sourceTree = SOURCE_ROOT; };
		6172E222182E31A40042BE78 /* es.lproj */ = {isa = PBXFileReference; lastKnownFileType = folder; name = es.lproj; path = calendar/es.lproj; sourceTree = SOURCE_ROOT; };
		6172E223182E31A40042BE78 /* FilterViewController.h */ = {isa = PBXFileReference; fileEncoding = 4; lastKnownFileType = sourcecode.c.h; name = FilterViewController.h; path = calendar/FilterViewController.h; sourceTree = SOURCE_ROOT; };
		6172E224182E31A40042BE78 /* FilterViewController.m */ = {isa = PBXFileReference; fileEncoding = 4; lastKnownFileType = sourcecode.c.objc; name = FilterViewController.m; path = calendar/FilterViewController.m; sourceTree = SOURCE_ROOT; };
		6172E225182E31A40042BE78 /* FilterViewController.xib */ = {isa = PBXFileReference; fileEncoding = 4; lastKnownFileType = file.xib; name = FilterViewController.xib; path = calendar/FilterViewController.xib; sourceTree = SOURCE_ROOT; };
		6172E226182E31A40042BE78 /* left_arrow.png */ = {isa = PBXFileReference; lastKnownFileType = image.png; name = left_arrow.png; path = calendar/left_arrow.png; sourceTree = SOURCE_ROOT; };
		6172E227182E31A40042BE78 /* left_arrow@2x.png */ = {isa = PBXFileReference; lastKnownFileType = image.png; name = "left_arrow@2x.png"; path = "calendar/left_arrow@2x.png"; sourceTree = SOURCE_ROOT; };
		6172E228182E31A40042BE78 /* main.m */ = {isa = PBXFileReference; fileEncoding = 4; lastKnownFileType = sourcecode.c.objc; name = main.m; path = calendar/main.m; sourceTree = SOURCE_ROOT; };
		6172E229182E31A40042BE78 /* RenewViewController.h */ = {isa = PBXFileReference; fileEncoding = 4; lastKnownFileType = sourcecode.c.h; name = RenewViewController.h; path = calendar/RenewViewController.h; sourceTree = SOURCE_ROOT; };
		6172E22A182E31A40042BE78 /* RenewViewController.m */ = {isa = PBXFileReference; fileEncoding = 4; lastKnownFileType = sourcecode.c.objc; name = RenewViewController.m; path = calendar/RenewViewController.m; sourceTree = SOURCE_ROOT; };
		6172E22B182E31A40042BE78 /* RenewViewController.xib */ = {isa = PBXFileReference; fileEncoding = 4; lastKnownFileType = file.xib; name = RenewViewController.xib; path = calendar/RenewViewController.xib; sourceTree = SOURCE_ROOT; };
		6172E22C182E31A40042BE78 /* right_arrow.png */ = {isa = PBXFileReference; lastKnownFileType = image.png; name = right_arrow.png; path = calendar/right_arrow.png; sourceTree = SOURCE_ROOT; };
		6172E22D182E31A40042BE78 /* right_arrow@2x.png */ = {isa = PBXFileReference; lastKnownFileType = image.png; name = "right_arrow@2x.png"; path = "calendar/right_arrow@2x.png"; sourceTree = SOURCE_ROOT; };
		6172E22E182E31A40042BE78 /* TransferViewController.h */ = {isa = PBXFileReference; fileEncoding = 4; lastKnownFileType = sourcecode.c.h; name = TransferViewController.h; path = calendar/TransferViewController.h; sourceTree = SOURCE_ROOT; };
		6172E22F182E31A40042BE78 /* TransferViewController.m */ = {isa = PBXFileReference; fileEncoding = 4; lastKnownFileType = sourcecode.c.objc; name = TransferViewController.m; path = calendar/TransferViewController.m; sourceTree = SOURCE_ROOT; };
		6172E230182E31A40042BE78 /* TransferViewController.xib */ = {isa = PBXFileReference; fileEncoding = 4; lastKnownFileType = file.xib; name = TransferViewController.xib; path = calendar/TransferViewController.xib; sourceTree = SOURCE_ROOT; };
		6172E231182E31A40042BE78 /* ViewController.h */ = {isa = PBXFileReference; fileEncoding = 4; lastKnownFileType = sourcecode.c.h; name = ViewController.h; path = calendar/ViewController.h; sourceTree = SOURCE_ROOT; };
		6172E232182E31A40042BE78 /* ViewController.m */ = {isa = PBXFileReference; fileEncoding = 4; lastKnownFileType = sourcecode.c.objc; name = ViewController.m; path = calendar/ViewController.m; sourceTree = SOURCE_ROOT; };
		61B095DC182EA8170062228B /* CustomAlert.h */ = {isa = PBXFileReference; fileEncoding = 4; lastKnownFileType = sourcecode.c.h; path = CustomAlert.h; sourceTree = "<group>"; };
		61B095DD182EA8170062228B /* CustomAlert.m */ = {isa = PBXFileReference; fileEncoding = 4; lastKnownFileType = sourcecode.c.objc; path = CustomAlert.m; sourceTree = "<group>"; };
		61B095DF182EA97C0062228B /* customoverlay.h */ = {isa = PBXFileReference; fileEncoding = 4; lastKnownFileType = sourcecode.c.h; path = customoverlay.h; sourceTree = "<group>"; };
		61B095E0182EA97C0062228B /* customoverlay.m */ = {isa = PBXFileReference; fileEncoding = 4; lastKnownFileType = sourcecode.c.objc; path = customoverlay.m; sourceTree = "<group>"; };
		61B095E2182EAD620062228B /* overlay_bg.png */ = {isa = PBXFileReference; lastKnownFileType = image.png; path = overlay_bg.png; sourceTree = "<group>"; };
		61B095E4182EADFF0062228B /* AboutsettingScreen.h */ = {isa = PBXFileReference; fileEncoding = 4; lastKnownFileType = sourcecode.c.h; path = AboutsettingScreen.h; sourceTree = "<group>"; };
		805D87C4181FCE5F009FC68A /* CalendariOS7.app */ = {isa = PBXFileReference; explicitFileType = wrapper.application; includeInIndex = 0; path = CalendariOS7.app; sourceTree = BUILT_PRODUCTS_DIR; };
		805D87C8181FCE5F009FC68A /* UIKit.framework */ = {isa = PBXFileReference; lastKnownFileType = wrapper.framework; name = UIKit.framework; path = System/Library/Frameworks/UIKit.framework; sourceTree = SDKROOT; };
		805D87CA181FCE5F009FC68A /* Foundation.framework */ = {isa = PBXFileReference; lastKnownFileType = wrapper.framework; name = Foundation.framework; path = System/Library/Frameworks/Foundation.framework; sourceTree = SDKROOT; };
		805D87CC181FCE5F009FC68A /* CoreGraphics.framework */ = {isa = PBXFileReference; lastKnownFileType = wrapper.framework; name = CoreGraphics.framework; path = System/Library/Frameworks/CoreGraphics.framework; sourceTree = SDKROOT; };
/* End PBXFileReference section */

/* Begin PBXFrameworksBuildPhase section */
		805D87C1181FCE5F009FC68A /* Frameworks */ = {
			isa = PBXFrameworksBuildPhase;
			buildActionMask = 2147483647;
			files = (
				613BEDE3182D44F20097F0F7 /* CoreData.framework in Frameworks */,
				613BEDDC182D31020097F0F7 /* QuartzCore.framework in Frameworks */,
				805D87C9181FCE5F009FC68A /* UIKit.framework in Frameworks */,
				805D87CB181FCE5F009FC68A /* Foundation.framework in Frameworks */,
				805D87CD181FCE5F009FC68A /* CoreGraphics.framework in Frameworks */,
			);
			runOnlyForDeploymentPostprocessing = 0;
		};
/* End PBXFrameworksBuildPhase section */

/* Begin PBXGroup section */
		805D87B9181FCE5F009FC68A = {
			isa = PBXGroup;
			children = (
				61B095E4182EADFF0062228B /* AboutsettingScreen.h */,
				61B095E2182EAD620062228B /* overlay_bg.png */,
				61B095DF182EA97C0062228B /* customoverlay.h */,
				61B095E0182EA97C0062228B /* customoverlay.m */,
				61B095DC182EA8170062228B /* CustomAlert.h */,
				61B095DD182EA8170062228B /* CustomAlert.m */,
				805D87CE181FCE5F009FC68A /* calendar */,
				805D87C7181FCE5F009FC68A /* Frameworks */,
				805D87C5181FCE5F009FC68A /* Products */,
			);
			sourceTree = "<group>";
		};
		805D87C5181FCE5F009FC68A /* Products */ = {
			isa = PBXGroup;
			children = (
				805D87C4181FCE5F009FC68A /* CalendariOS7.app */,
			);
			name = Products;
			sourceTree = "<group>";
		};
		805D87C7181FCE5F009FC68A /* Frameworks */ = {
			isa = PBXGroup;
			children = (
				613BEDE2182D44F20097F0F7 /* CoreData.framework */,
				613BEDDB182D31020097F0F7 /* QuartzCore.framework */,
				805D87C8181FCE5F009FC68A /* UIKit.framework */,
				805D87CA181FCE5F009FC68A /* Foundation.framework */,
				805D87CC181FCE5F009FC68A /* CoreGraphics.framework */,
			);
			name = Frameworks;
			sourceTree = "<group>";
		};
		805D87CE181FCE5F009FC68A /* calendar */ = {
			isa = PBXGroup;
			children = (
				6172E219182E31A40042BE78 /* AppDelegate.h */,
				6172E21A182E31A40042BE78 /* AppDelegate.m */,
				6172E21B182E31A40042BE78 /* CalendariOS7-Info.plist */,
				6172E21C182E31A40042BE78 /* CalendariOS7-Prefix.pch */,
				6172E21D182E31A40042BE78 /* CKCalendarView.h */,
				6172E21E182E31A40042BE78 /* CKCalendarView.m */,
				6172E21F182E31A40042BE78 /* CustomIOS7AlertView.h */,
				6172E220182E31A40042BE78 /* CustomIOS7AlertView.m */,
				6172E221182E31A40042BE78 /* en.lproj */,
				6172E222182E31A40042BE78 /* es.lproj */,
				6172E223182E31A40042BE78 /* FilterViewController.h */,
				6172E224182E31A40042BE78 /* FilterViewController.m */,
				6172E225182E31A40042BE78 /* FilterViewController.xib */,
				6172E226182E31A40042BE78 /* left_arrow.png */,
				6172E227182E31A40042BE78 /* left_arrow@2x.png */,
				6172E228182E31A40042BE78 /* main.m */,
				6172E229182E31A40042BE78 /* RenewViewController.h */,
				6172E22A182E31A40042BE78 /* RenewViewController.m */,
				6172E22B182E31A40042BE78 /* RenewViewController.xib */,
				6172E22C182E31A40042BE78 /* right_arrow.png */,
				6172E22D182E31A40042BE78 /* right_arrow@2x.png */,
				6172E22E182E31A40042BE78 /* TransferViewController.h */,
				6172E22F182E31A40042BE78 /* TransferViewController.m */,
				6172E230182E31A40042BE78 /* TransferViewController.xib */,
				6172E231182E31A40042BE78 /* ViewController.h */,
				6172E232182E31A40042BE78 /* ViewController.m */,
				805D87CF181FCE5F009FC68A /* Supporting Files */,
			);
			name = calendar;
			path = GIDMiP;
			sourceTree = "<group>";
		};
		805D87CF181FCE5F009FC68A /* Supporting Files */ = {
			isa = PBXGroup;
			children = (
			);
			name = "Supporting Files";
			sourceTree = "<group>";
		};
/* End PBXGroup section */

/* Begin PBXNativeTarget section */
		805D87C3181FCE5F009FC68A /* CalendariOS7 */ = {
			isa = PBXNativeTarget;
			buildConfigurationList = 805D87E2181FCE5F009FC68A /* Build configuration list for PBXNativeTarget "CalendariOS7" */;
			buildPhases = (
				805D87C0181FCE5F009FC68A /* Sources */,
				805D87C1181FCE5F009FC68A /* Frameworks */,
				805D87C2181FCE5F009FC68A /* Resources */,
			);
			buildRules = (
			);
			dependencies = (
			);
			name = CalendariOS7;
			productName = GIDMiP;
			productReference = 805D87C4181FCE5F009FC68A /* CalendariOS7.app */;
			productType = "com.apple.product-type.application";
		};
/* End PBXNativeTarget section */

/* Begin PBXProject section */
		805D87BB181FCE5F009FC68A /* Project object */ = {
			isa = PBXProject;
			attributes = {
				LastUpgradeCheck = 0420;
			};
			buildConfigurationList = 805D87BE181FCE5F009FC68A /* Build configuration list for PBXProject "CalendariOS7" */;
			compatibilityVersion = "Xcode 3.2";
			developmentRegion = English;
			hasScannedForEncodings = 0;
			knownRegions = (
				en,
			);
			mainGroup = 805D87B9181FCE5F009FC68A;
			productRefGroup = 805D87C5181FCE5F009FC68A /* Products */;
			projectDirPath = "";
			projectRoot = "";
			targets = (
				805D87C3181FCE5F009FC68A /* CalendariOS7 */,
			);
		};
/* End PBXProject section */

/* Begin PBXResourcesBuildPhase section */
		805D87C2181FCE5F009FC68A /* Resources */ = {
			isa = PBXResourcesBuildPhase;
			buildActionMask = 2147483647;
			files = (
				6172E243182E31A40042BE78 /* TransferViewController.xib in Resources */,
				6172E238182E31A40042BE78 /* es.lproj in Resources */,
				61B095E3182EAD620062228B /* overlay_bg.png in Resources */,
				6172E23B182E31A40042BE78 /* left_arrow.png in Resources */,
				6172E237182E31A40042BE78 /* en.lproj in Resources */,
				6172E241182E31A40042BE78 /* right_arrow@2x.png in Resources */,
				6172E23C182E31A40042BE78 /* left_arrow@2x.png in Resources */,
				6172E23A182E31A40042BE78 /* FilterViewController.xib in Resources */,
				6172E240182E31A40042BE78 /* right_arrow.png in Resources */,
				6172E23F182E31A40042BE78 /* RenewViewController.xib in Resources */,
				6172E234182E31A40042BE78 /* CalendariOS7-Info.plist in Resources */,
			);
			runOnlyForDeploymentPostprocessing = 0;
		};
/* End PBXResourcesBuildPhase section */

/* Begin PBXSourcesBuildPhase section */
		805D87C0181FCE5F009FC68A /* Sources */ = {
			isa = PBXSourcesBuildPhase;
			buildActionMask = 2147483647;
			files = (
				6172E23D182E31A40042BE78 /* main.m in Sources */,
				61B095DE182EA8170062228B /* CustomAlert.m in Sources */,
				6172E235182E31A40042BE78 /* CKCalendarView.m in Sources */,
				6172E233182E31A40042BE78 /* AppDelegate.m in Sources */,
				6172E242182E31A40042BE78 /* TransferViewController.m in Sources */,
				6172E23E182E31A40042BE78 /* RenewViewController.m in Sources */,
				6172E244182E31A40042BE78 /* ViewController.m in Sources */,
				61B095E1182EA97C0062228B /* customoverlay.m in Sources */,
				6172E236182E31A40042BE78 /* CustomIOS7AlertView.m in Sources */,
				6172E239182E31A40042BE78 /* FilterViewController.m in Sources */,
			);
			runOnlyForDeploymentPostprocessing = 0;
		};
/* End PBXSourcesBuildPhase section */

/* Begin XCBuildConfiguration section */
		805D87E0181FCE5F009FC68A /* Debug */ = {
			isa = XCBuildConfiguration;
			buildSettings = {
				ALWAYS_SEARCH_USER_PATHS = NO;
				ARCHS = "$(ARCHS_STANDARD_32_BIT)";
				CLANG_ENABLE_OBJC_ARC = YES;
				"CODE_SIGN_IDENTITY[sdk=iphoneos*]" = "iPhone Developer";
				COPY_PHASE_STRIP = NO;
				GCC_C_LANGUAGE_STANDARD = gnu99;
				GCC_DYNAMIC_NO_PIC = NO;
				GCC_OPTIMIZATION_LEVEL = 0;
				GCC_PREPROCESSOR_DEFINITIONS = (
					"DEBUG=1",
					"$(inherited)",
				);
				GCC_SYMBOLS_PRIVATE_EXTERN = NO;
				GCC_VERSION = com.apple.compilers.llvm.clang.1_0;
				GCC_WARN_ABOUT_MISSING_PROTOTYPES = YES;
				GCC_WARN_ABOUT_RETURN_TYPE = YES;
				GCC_WARN_UNUSED_VARIABLE = YES;
				IPHONEOS_DEPLOYMENT_TARGET = 5.0;
				SDKROOT = iphoneos;
			};
			name = Debug;
		};
		805D87E1181FCE5F009FC68A /* Release */ = {
			isa = XCBuildConfiguration;
			buildSettings = {
				ALWAYS_SEARCH_USER_PATHS = NO;
				ARCHS = "$(ARCHS_STANDARD_32_BIT)";
				CLANG_ENABLE_OBJC_ARC = YES;
				"CODE_SIGN_IDENTITY[sdk=iphoneos*]" = "iPhone Developer";
				COPY_PHASE_STRIP = YES;
				GCC_C_LANGUAGE_STANDARD = gnu99;
				GCC_VERSION = com.apple.compilers.llvm.clang.1_0;
				GCC_WARN_ABOUT_MISSING_PROTOTYPES = YES;
				GCC_WARN_ABOUT_RETURN_TYPE = YES;
				GCC_WARN_UNUSED_VARIABLE = YES;
				IPHONEOS_DEPLOYMENT_TARGET = 5.0;
				OTHER_CFLAGS = "-DNS_BLOCK_ASSERTIONS=1";
				SDKROOT = iphoneos;
				VALIDATE_PRODUCT = YES;
			};
			name = Release;
		};
		805D87E3181FCE5F009FC68A /* Debug */ = {
			isa = XCBuildConfiguration;
			buildSettings = {
				GCC_PRECOMPILE_PREFIX_HEADER = YES;
				GCC_PREFIX_HEADER = "calendar/CalendariOS7-Prefix.pch";
				INFOPLIST_FILE = "calendar/CalendariOS7-Info.plist";
				PRODUCT_NAME = CalendariOS7;
				WRAPPER_EXTENSION = app;
			};
			name = Debug;
		};
		805D87E4181FCE5F009FC68A /* Release */ = {
			isa = XCBuildConfiguration;
			buildSettings = {
				GCC_PRECOMPILE_PREFIX_HEADER = YES;
				GCC_PREFIX_HEADER = "calendar/CalendariOS7-Prefix.pch";
				INFOPLIST_FILE = "calendar/CalendariOS7-Info.plist";
				PRODUCT_NAME = CalendariOS7;
				WRAPPER_EXTENSION = app;
			};
			name = Release;
		};
/* End XCBuildConfiguration section */

/* Begin XCConfigurationList section */
		805D87BE181FCE5F009FC68A /* Build configuration list for PBXProject "CalendariOS7" */ = {
			isa = XCConfigurationList;
			buildConfigurations = (
				805D87E0181FCE5F009FC68A /* Debug */,
				805D87E1181FCE5F009FC68A /* Release */,
			);
			defaultConfigurationIsVisible = 0;
			defaultConfigurationName = Release;
		};
		805D87E2181FCE5F009FC68A /* Build configuration list for PBXNativeTarget "CalendariOS7" */ = {
			isa = XCConfigurationList;
			buildConfigurations = (
				805D87E3181FCE5F009FC68A /* Debug */,
				805D87E4181FCE5F009FC68A /* Release */,
			);
			defaultConfigurationIsVisible = 0;
			defaultConfigurationName = Release;
		};
/* End XCConfigurationList section */
	};
	rootObject = 805D87BB181FCE5F009FC68A /* Project object */;
}
