// !$*UTF8*$!
{
	archiveVersion = 1;
	classes = {
	};
	objectVersion = 46;
	objects = {

/* Begin PBXBuildFile section */
		613BEDD1182D292B0097F0F7 /* FilterViewController.m in Sources */ = {isa = PBXBuildFile; fileRef = 613BEDCC182D292B0097F0F7 /* FilterViewController.m */; };
		613BEDD2182D292B0097F0F7 /* FilterViewController.xib in Resources */ = {isa = PBXBuildFile; fileRef = 613BEDCD182D292B0097F0F7 /* FilterViewController.xib */; };
		613BEDD3182D292B0097F0F7 /* RenewViewController.m in Sources */ = {isa = PBXBuildFile; fileRef = 613BEDCF182D292B0097F0F7 /* RenewViewController.m */; };
		613BEDD4182D292B0097F0F7 /* RenewViewController.xib in Resources */ = {isa = PBXBuildFile; fileRef = 613BEDD0182D292B0097F0F7 /* RenewViewController.xib */; };
		613BEDDA182D30840097F0F7 /* CKCalendarView.m in Sources */ = {isa = PBXBuildFile; fileRef = 613BEDD9182D30840097F0F7 /* CKCalendarView.m */; };
		613BEDDC182D31020097F0F7 /* QuartzCore.framework in Frameworks */ = {isa = PBXBuildFile; fileRef = 613BEDDB182D31020097F0F7 /* QuartzCore.framework */; };
		613BEDE0182D33590097F0F7 /* TransferViewController.m in Sources */ = {isa = PBXBuildFile; fileRef = 613BEDDE182D33590097F0F7 /* TransferViewController.m */; };
		613BEDE1182D33590097F0F7 /* TransferViewController.xib in Resources */ = {isa = PBXBuildFile; fileRef = 613BEDDF182D33590097F0F7 /* TransferViewController.xib */; };
		613BEDE3182D44F20097F0F7 /* CoreData.framework in Frameworks */ = {isa = PBXBuildFile; fileRef = 613BEDE2182D44F20097F0F7 /* CoreData.framework */; };
		613BEE2A182E21BB0097F0F7 /* CustomIOS7AlertView.m in Sources */ = {isa = PBXBuildFile; fileRef = 613BEE29182E21BB0097F0F7 /* CustomIOS7AlertView.m */; };
		613BEE2F182E253B0097F0F7 /* left_arrow.png in Resources */ = {isa = PBXBuildFile; fileRef = 613BEE2B182E253B0097F0F7 /* left_arrow.png */; };
		613BEE30182E253B0097F0F7 /* left_arrow@2x.png in Resources */ = {isa = PBXBuildFile; fileRef = 613BEE2C182E253B0097F0F7 /* left_arrow@2x.png */; };
		613BEE31182E253B0097F0F7 /* right_arrow.png in Resources */ = {isa = PBXBuildFile; fileRef = 613BEE2D182E253B0097F0F7 /* right_arrow.png */; };
		613BEE32182E253B0097F0F7 /* right_arrow@2x.png in Resources */ = {isa = PBXBuildFile; fileRef = 613BEE2E182E253B0097F0F7 /* right_arrow@2x.png */; };
		805D87C9181FCE5F009FC68A /* UIKit.framework in Frameworks */ = {isa = PBXBuildFile; fileRef = 805D87C8181FCE5F009FC68A /* UIKit.framework */; };
		805D87CB181FCE5F009FC68A /* Foundation.framework in Frameworks */ = {isa = PBXBuildFile; fileRef = 805D87CA181FCE5F009FC68A /* Foundation.framework */; };
		805D87CD181FCE5F009FC68A /* CoreGraphics.framework in Frameworks */ = {isa = PBXBuildFile; fileRef = 805D87CC181FCE5F009FC68A /* CoreGraphics.framework */; };
		805D87D3181FCE5F009FC68A /* InfoPlist.strings in Resources */ = {isa = PBXBuildFile; fileRef = 805D87D1181FCE5F009FC68A /* InfoPlist.strings */; };
		805D87D5181FCE5F009FC68A /* main.m in Sources */ = {isa = PBXBuildFile; fileRef = 805D87D4181FCE5F009FC68A /* main.m */; };
		805D87D9181FCE5F009FC68A /* AppDelegate.m in Sources */ = {isa = PBXBuildFile; fileRef = 805D87D8181FCE5F009FC68A /* AppDelegate.m */; };
		805D87DC181FCE5F009FC68A /* ViewController.m in Sources */ = {isa = PBXBuildFile; fileRef = 805D87DB181FCE5F009FC68A /* ViewController.m */; };
		805D87DF181FCE5F009FC68A /* ViewController.xib in Resources */ = {isa = PBXBuildFile; fileRef = 805D87DD181FCE5F009FC68A /* ViewController.xib */; };
/* End PBXBuildFile section */

/* Begin PBXFileReference section */
		613BEDCB182D292B0097F0F7 /* FilterViewController.h */ = {isa = PBXFileReference; fileEncoding = 4; lastKnownFileType = sourcecode.c.h; path = FilterViewController.h; sourceTree = "<group>"; };
		613BEDCC182D292B0097F0F7 /* FilterViewController.m */ = {isa = PBXFileReference; fileEncoding = 4; lastKnownFileType = sourcecode.c.objc; path = FilterViewController.m; sourceTree = "<group>"; };
		613BEDCD182D292B0097F0F7 /* FilterViewController.xib */ = {isa = PBXFileReference; fileEncoding = 4; lastKnownFileType = file.xib; path = FilterViewController.xib; sourceTree = "<group>"; };
		613BEDCE182D292B0097F0F7 /* RenewViewController.h */ = {isa = PBXFileReference; fileEncoding = 4; lastKnownFileType = sourcecode.c.h; path = RenewViewController.h; sourceTree = "<group>"; };
		613BEDCF182D292B0097F0F7 /* RenewViewController.m */ = {isa = PBXFileReference; fileEncoding = 4; lastKnownFileType = sourcecode.c.objc; path = RenewViewController.m; sourceTree = "<group>"; };
		613BEDD0182D292B0097F0F7 /* RenewViewController.xib */ = {isa = PBXFileReference; fileEncoding = 4; lastKnownFileType = file.xib; path = RenewViewController.xib; sourceTree = "<group>"; };
		613BEDD8182D30840097F0F7 /* CKCalendarView.h */ = {isa = PBXFileReference; fileEncoding = 4; lastKnownFileType = sourcecode.c.h; path = CKCalendarView.h; sourceTree = "<group>"; };
		613BEDD9182D30840097F0F7 /* CKCalendarView.m */ = {isa = PBXFileReference; fileEncoding = 4; lastKnownFileType = sourcecode.c.objc; path = CKCalendarView.m; sourceTree = "<group>"; };
		613BEDDB182D31020097F0F7 /* QuartzCore.framework */ = {isa = PBXFileReference; lastKnownFileType = wrapper.framework; name = QuartzCore.framework; path = System/Library/Frameworks/QuartzCore.framework; sourceTree = SDKROOT; };
		613BEDDD182D33590097F0F7 /* TransferViewController.h */ = {isa = PBXFileReference; fileEncoding = 4; lastKnownFileType = sourcecode.c.h; path = TransferViewController.h; sourceTree = "<group>"; };
		613BEDDE182D33590097F0F7 /* TransferViewController.m */ = {isa = PBXFileReference; fileEncoding = 4; lastKnownFileType = sourcecode.c.objc; path = TransferViewController.m; sourceTree = "<group>"; };
		613BEDDF182D33590097F0F7 /* TransferViewController.xib */ = {isa = PBXFileReference; fileEncoding = 4; lastKnownFileType = file.xib; path = TransferViewController.xib; sourceTree = "<group>"; };
		613BEDE2182D44F20097F0F7 /* CoreData.framework */ = {isa = PBXFileReference; lastKnownFileType = wrapper.framework; name = CoreData.framework; path = System/Library/Frameworks/CoreData.framework; sourceTree = SDKROOT; };
		613BEE28182E21BB0097F0F7 /* CustomIOS7AlertView.h */ = {isa = PBXFileReference; fileEncoding = 4; lastKnownFileType = sourcecode.c.h; path = CustomIOS7AlertView.h; sourceTree = "<group>"; };
		613BEE29182E21BB0097F0F7 /* CustomIOS7AlertView.m */ = {isa = PBXFileReference; fileEncoding = 4; lastKnownFileType = sourcecode.c.objc; path = CustomIOS7AlertView.m; sourceTree = "<group>"; };
		613BEE2B182E253B0097F0F7 /* left_arrow.png */ = {isa = PBXFileReference; lastKnownFileType = image.png; path = left_arrow.png; sourceTree = "<group>"; };
		613BEE2C182E253B0097F0F7 /* left_arrow@2x.png */ = {isa = PBXFileReference; lastKnownFileType = image.png; path = "left_arrow@2x.png"; sourceTree = "<group>"; };
		613BEE2D182E253B0097F0F7 /* right_arrow.png */ = {isa = PBXFileReference; lastKnownFileType = image.png; path = right_arrow.png; sourceTree = "<group>"; };
		613BEE2E182E253B0097F0F7 /* right_arrow@2x.png */ = {isa = PBXFileReference; lastKnownFileType = image.png; path = "right_arrow@2x.png"; sourceTree = "<group>"; };
		805D87C4181FCE5F009FC68A /* CalendariOS7.app */ = {isa = PBXFileReference; explicitFileType = wrapper.application; includeInIndex = 0; path = CalendariOS7.app; sourceTree = BUILT_PRODUCTS_DIR; };
		805D87C8181FCE5F009FC68A /* UIKit.framework */ = {isa = PBXFileReference; lastKnownFileType = wrapper.framework; name = UIKit.framework; path = System/Library/Frameworks/UIKit.framework; sourceTree = SDKROOT; };
		805D87CA181FCE5F009FC68A /* Foundation.framework */ = {isa = PBXFileReference; lastKnownFileType = wrapper.framework; name = Foundation.framework; path = System/Library/Frameworks/Foundation.framework; sourceTree = SDKROOT; };
		805D87CC181FCE5F009FC68A /* CoreGraphics.framework */ = {isa = PBXFileReference; lastKnownFileType = wrapper.framework; name = CoreGraphics.framework; path = System/Library/Frameworks/CoreGraphics.framework; sourceTree = SDKROOT; };
		805D87D0181FCE5F009FC68A /* CalendariOS7-Info.plist */ = {isa = PBXFileReference; lastKnownFileType = text.plist.xml; path = "CalendariOS7-Info.plist"; sourceTree = "<group>"; };
		805D87D2181FCE5F009FC68A /* en */ = {isa = PBXFileReference; lastKnownFileType = text.plist.strings; name = en; path = en.lproj/InfoPlist.strings; sourceTree = "<group>"; };
		805D87D4181FCE5F009FC68A /* main.m */ = {isa = PBXFileReference; lastKnownFileType = sourcecode.c.objc; path = main.m; sourceTree = "<group>"; };
		805D87D6181FCE5F009FC68A /* CalendariOS7-Prefix.pch */ = {isa = PBXFileReference; lastKnownFileType = sourcecode.c.h; path = "CalendariOS7-Prefix.pch"; sourceTree = "<group>"; };
		805D87D7181FCE5F009FC68A /* AppDelegate.h */ = {isa = PBXFileReference; lastKnownFileType = sourcecode.c.h; path = AppDelegate.h; sourceTree = "<group>"; };
		805D87D8181FCE5F009FC68A /* AppDelegate.m */ = {isa = PBXFileReference; lastKnownFileType = sourcecode.c.objc; path = AppDelegate.m; sourceTree = "<group>"; };
		805D87DA181FCE5F009FC68A /* ViewController.h */ = {isa = PBXFileReference; lastKnownFileType = sourcecode.c.h; path = ViewController.h; sourceTree = "<group>"; };
		805D87DB181FCE5F009FC68A /* ViewController.m */ = {isa = PBXFileReference; lastKnownFileType = sourcecode.c.objc; path = ViewController.m; sourceTree = "<group>"; };
		805D87DE181FCE5F009FC68A /* en */ = {isa = PBXFileReference; lastKnownFileType = file.xib; name = en; path = en.lproj/ViewController.xib; sourceTree = "<group>"; };
/* End PBXFileReference section */

/* Begin PBXFrameworksBuildPhase section */
		805D87C1181FCE5F009FC68A /* Frameworks */ = {
			isa = PBXFrameworksBuildPhase;
			buildActionMask = 2147483647;
			files = (
				613BEDE3182D44F20097F0F7 /* CoreData.framework in Frameworks */,
				613BEDDC182D31020097F0F7 /* QuartzCore.framework in Frameworks */,
				805D87C9181FCE5F009FC68A /* UIKit.framework in Frameworks */,
				805D87CB181FCE5F009FC68A /* Foundation.framework in Frameworks */,
				805D87CD181FCE5F009FC68A /* CoreGraphics.framework in Frameworks */,
			);
			runOnlyForDeploymentPostprocessing = 0;
		};
/* End PBXFrameworksBuildPhase section */

/* Begin PBXGroup section */
		805D87B9181FCE5F009FC68A = {
			isa = PBXGroup;
			children = (
				805D87CE181FCE5F009FC68A /* GIDMiP */,
				805D87C7181FCE5F009FC68A /* Frameworks */,
				805D87C5181FCE5F009FC68A /* Products */,
			);
			sourceTree = "<group>";
		};
		805D87C5181FCE5F009FC68A /* Products */ = {
			isa = PBXGroup;
			children = (
				805D87C4181FCE5F009FC68A /* CalendariOS7.app */,
			);
			name = Products;
			sourceTree = "<group>";
		};
		805D87C7181FCE5F009FC68A /* Frameworks */ = {
			isa = PBXGroup;
			children = (
				613BEDE2182D44F20097F0F7 /* CoreData.framework */,
				613BEDDB182D31020097F0F7 /* QuartzCore.framework */,
				805D87C8181FCE5F009FC68A /* UIKit.framework */,
				805D87CA181FCE5F009FC68A /* Foundation.framework */,
				805D87CC181FCE5F009FC68A /* CoreGraphics.framework */,
			);
			name = Frameworks;
			sourceTree = "<group>";
		};
		805D87CE181FCE5F009FC68A /* GIDMiP */ = {
			isa = PBXGroup;
			children = (
				613BEE28182E21BB0097F0F7 /* CustomIOS7AlertView.h */,
				613BEE29182E21BB0097F0F7 /* CustomIOS7AlertView.m */,
				613BEDDD182D33590097F0F7 /* TransferViewController.h */,
				613BEDDE182D33590097F0F7 /* TransferViewController.m */,
				613BEDDF182D33590097F0F7 /* TransferViewController.xib */,
				613BEDD8182D30840097F0F7 /* CKCalendarView.h */,
				613BEDD9182D30840097F0F7 /* CKCalendarView.m */,
				613BEDCB182D292B0097F0F7 /* FilterViewController.h */,
				613BEDCC182D292B0097F0F7 /* FilterViewController.m */,
				613BEDCD182D292B0097F0F7 /* FilterViewController.xib */,
				613BEDCE182D292B0097F0F7 /* RenewViewController.h */,
				613BEDCF182D292B0097F0F7 /* RenewViewController.m */,
				613BEDD0182D292B0097F0F7 /* RenewViewController.xib */,
				805D87D7181FCE5F009FC68A /* AppDelegate.h */,
				805D87D8181FCE5F009FC68A /* AppDelegate.m */,
				805D87DA181FCE5F009FC68A /* ViewController.h */,
				805D87DB181FCE5F009FC68A /* ViewController.m */,
				805D87DD181FCE5F009FC68A /* ViewController.xib */,
				805D87CF181FCE5F009FC68A /* Supporting Files */,
			);
			path = GIDMiP;
			sourceTree = "<group>";
		};
		805D87CF181FCE5F009FC68A /* Supporting Files */ = {
			isa = PBXGroup;
			children = (
				613BEE2B182E253B0097F0F7 /* left_arrow.png */,
				613BEE2C182E253B0097F0F7 /* left_arrow@2x.png */,
				613BEE2D182E253B0097F0F7 /* right_arrow.png */,
				613BEE2E182E253B0097F0F7 /* right_arrow@2x.png */,
				805D87D0181FCE5F009FC68A /* CalendariOS7-Info.plist */,
				805D87D1181FCE5F009FC68A /* InfoPlist.strings */,
				805D87D4181FCE5F009FC68A /* main.m */,
				805D87D6181FCE5F009FC68A /* CalendariOS7-Prefix.pch */,
			);
			name = "Supporting Files";
			sourceTree = "<group>";
		};
/* End PBXGroup section */

/* Begin PBXNativeTarget section */
		805D87C3181FCE5F009FC68A /* CalendariOS7 */ = {
			isa = PBXNativeTarget;
			buildConfigurationList = 805D87E2181FCE5F009FC68A /* Build configuration list for PBXNativeTarget "CalendariOS7" */;
			buildPhases = (
				805D87C0181FCE5F009FC68A /* Sources */,
				805D87C1181FCE5F009FC68A /* Frameworks */,
				805D87C2181FCE5F009FC68A /* Resources */,
			);
			buildRules = (
			);
			dependencies = (
			);
			name = CalendariOS7;
			productName = GIDMiP;
			productReference = 805D87C4181FCE5F009FC68A /* CalendariOS7.app */;
			productType = "com.apple.product-type.application";
		};
/* End PBXNativeTarget section */

/* Begin PBXProject section */
		805D87BB181FCE5F009FC68A /* Project object */ = {
			isa = PBXProject;
			attributes = {
				LastUpgradeCheck = 0420;
			};
			buildConfigurationList = 805D87BE181FCE5F009FC68A /* Build configuration list for PBXProject "CalendariOS7" */;
			compatibilityVersion = "Xcode 3.2";
			developmentRegion = English;
			hasScannedForEncodings = 0;
			knownRegions = (
				en,
			);
			mainGroup = 805D87B9181FCE5F009FC68A;
			productRefGroup = 805D87C5181FCE5F009FC68A /* Products */;
			projectDirPath = "";
			projectRoot = "";
			targets = (
				805D87C3181FCE5F009FC68A /* CalendariOS7 */,
			);
		};
/* End PBXProject section */

/* Begin PBXResourcesBuildPhase section */
		805D87C2181FCE5F009FC68A /* Resources */ = {
			isa = PBXResourcesBuildPhase;
			buildActionMask = 2147483647;
			files = (
				613BEE30182E253B0097F0F7 /* left_arrow@2x.png in Resources */,
				613BEE2F182E253B0097F0F7 /* left_arrow.png in Resources */,
				613BEE31182E253B0097F0F7 /* right_arrow.png in Resources */,
				613BEDD4182D292B0097F0F7 /* RenewViewController.xib in Resources */,
				805D87D3181FCE5F009FC68A /* InfoPlist.strings in Resources */,
				613BEE32182E253B0097F0F7 /* right_arrow@2x.png in Resources */,
				613BEDD2182D292B0097F0F7 /* FilterViewController.xib in Resources */,
				613BEDE1182D33590097F0F7 /* TransferViewController.xib in Resources */,
				805D87DF181FCE5F009FC68A /* ViewController.xib in Resources */,
			);
			runOnlyForDeploymentPostprocessing = 0;
		};
/* End PBXResourcesBuildPhase section */

/* Begin PBXSourcesBuildPhase section */
		805D87C0181FCE5F009FC68A /* Sources */ = {
			isa = PBXSourcesBuildPhase;
			buildActionMask = 2147483647;
			files = (
				613BEE2A182E21BB0097F0F7 /* CustomIOS7AlertView.m in Sources */,
				613BEDE0182D33590097F0F7 /* TransferViewController.m in Sources */,
				613BEDDA182D30840097F0F7 /* CKCalendarView.m in Sources */,
				613BEDD3182D292B0097F0F7 /* RenewViewController.m in Sources */,
				805D87D5181FCE5F009FC68A /* main.m in Sources */,
				805D87D9181FCE5F009FC68A /* AppDelegate.m in Sources */,
				613BEDD1182D292B0097F0F7 /* FilterViewController.m in Sources */,
				805D87DC181FCE5F009FC68A /* ViewController.m in Sources */,
			);
			runOnlyForDeploymentPostprocessing = 0;
		};
/* End PBXSourcesBuildPhase section */

/* Begin PBXVariantGroup section */
		805D87D1181FCE5F009FC68A /* InfoPlist.strings */ = {
			isa = PBXVariantGroup;
			children = (
				805D87D2181FCE5F009FC68A /* en */,
			);
			name = InfoPlist.strings;
			sourceTree = "<group>";
		};
		805D87DD181FCE5F009FC68A /* ViewController.xib */ = {
			isa = PBXVariantGroup;
			children = (
				805D87DE181FCE5F009FC68A /* en */,
			);
			name = ViewController.xib;
			sourceTree = "<group>";
		};
/* End PBXVariantGroup section */

/* Begin XCBuildConfiguration section */
		805D87E0181FCE5F009FC68A /* Debug */ = {
			isa = XCBuildConfiguration;
			buildSettings = {
				ALWAYS_SEARCH_USER_PATHS = NO;
				ARCHS = "$(ARCHS_STANDARD_32_BIT)";
				CLANG_ENABLE_OBJC_ARC = YES;
				"CODE_SIGN_IDENTITY[sdk=iphoneos*]" = "iPhone Developer";
				COPY_PHASE_STRIP = NO;
				GCC_C_LANGUAGE_STANDARD = gnu99;
				GCC_DYNAMIC_NO_PIC = NO;
				GCC_OPTIMIZATION_LEVEL = 0;
				GCC_PREPROCESSOR_DEFINITIONS = (
					"DEBUG=1",
					"$(inherited)",
				);
				GCC_SYMBOLS_PRIVATE_EXTERN = NO;
				GCC_VERSION = com.apple.compilers.llvm.clang.1_0;
				GCC_WARN_ABOUT_MISSING_PROTOTYPES = YES;
				GCC_WARN_ABOUT_RETURN_TYPE = YES;
				GCC_WARN_UNUSED_VARIABLE = YES;
				IPHONEOS_DEPLOYMENT_TARGET = 5.0;
				SDKROOT = iphoneos;
			};
			name = Debug;
		};
		805D87E1181FCE5F009FC68A /* Release */ = {
			isa = XCBuildConfiguration;
			buildSettings = {
				ALWAYS_SEARCH_USER_PATHS = NO;
				ARCHS = "$(ARCHS_STANDARD_32_BIT)";
				CLANG_ENABLE_OBJC_ARC = YES;
				"CODE_SIGN_IDENTITY[sdk=iphoneos*]" = "iPhone Developer";
				COPY_PHASE_STRIP = YES;
				GCC_C_LANGUAGE_STANDARD = gnu99;
				GCC_VERSION = com.apple.compilers.llvm.clang.1_0;
				GCC_WARN_ABOUT_MISSING_PROTOTYPES = YES;
				GCC_WARN_ABOUT_RETURN_TYPE = YES;
				GCC_WARN_UNUSED_VARIABLE = YES;
				IPHONEOS_DEPLOYMENT_TARGET = 5.0;
				OTHER_CFLAGS = "-DNS_BLOCK_ASSERTIONS=1";
				SDKROOT = iphoneos;
				VALIDATE_PRODUCT = YES;
			};
			name = Release;
		};
		805D87E3181FCE5F009FC68A /* Debug */ = {
			isa = XCBuildConfiguration;
			buildSettings = {
				GCC_PRECOMPILE_PREFIX_HEADER = YES;
				GCC_PREFIX_HEADER = "GIDMiP/CalendariOS7-Prefix.pch";
				INFOPLIST_FILE = "GIDMiP/CalendariOS7-Info.plist";
				PRODUCT_NAME = CalendariOS7;
				WRAPPER_EXTENSION = app;
			};
			name = Debug;
		};
		805D87E4181FCE5F009FC68A /* Release */ = {
			isa = XCBuildConfiguration;
			buildSettings = {
				GCC_PRECOMPILE_PREFIX_HEADER = YES;
				GCC_PREFIX_HEADER = "GIDMiP/CalendariOS7-Prefix.pch";
				INFOPLIST_FILE = "GIDMiP/CalendariOS7-Info.plist";
				PRODUCT_NAME = CalendariOS7;
				WRAPPER_EXTENSION = app;
			};
			name = Release;
		};
/* End XCBuildConfiguration section */

/* Begin XCConfigurationList section */
		805D87BE181FCE5F009FC68A /* Build configuration list for PBXProject "CalendariOS7" */ = {
			isa = XCConfigurationList;
			buildConfigurations = (
				805D87E0181FCE5F009FC68A /* Debug */,
				805D87E1181FCE5F009FC68A /* Release */,
			);
			defaultConfigurationIsVisible = 0;
			defaultConfigurationName = Release;
		};
		805D87E2181FCE5F009FC68A /* Build configuration list for PBXNativeTarget "CalendariOS7" */ = {
			isa = XCConfigurationList;
			buildConfigurations = (
				805D87E3181FCE5F009FC68A /* Debug */,
				805D87E4181FCE5F009FC68A /* Release */,
			);
			defaultConfigurationIsVisible = 0;
			defaultConfigurationName = Release;
		};
/* End XCConfigurationList section */
	};
	rootObject = 805D87BB181FCE5F009FC68A /* Project object */;
}
